
Microsoft Visual Studio Solution File, Format Version 12.00
# Visual Studio Version 17
VisualStudioVersion = 17.6.33723.286
MinimumVisualStudioVersion = 10.0.40219.1
Project("{9A19103F-16F7-4668-BE54-9A1E7A4F7556}") = "Platform", "Platform\Platform.csproj", "{B9D33727-8907-40AA-A1C8-0379143C2633}"
EndProject
Project("{FAE04EC0-301F-11D3-BF4B-00C04F79EFBC}") = "Platform_DomainModelEntity", "Platform_DomainModelEntity\Platform_DomainModelEntity.csproj", "{A380FD52-7818-4F67-9254-40AB1289AD77}"
EndProject
Project("{FAE04EC0-301F-11D3-BF4B-00C04F79EFBC}") = "Platform_Infrastruture", "Platform_Infrastruture\Platform_Infrastruture.csproj", "{0D9E4E87-B2F5-4339-B5A1-FBE07CFEE73D}"
EndProject
Global
	GlobalSection(SolutionConfigurationPlatforms) = preSolution
		Debug|Any CPU = Debug|Any CPU
		Release|Any CPU = Release|Any CPU
	EndGlobalSection
	GlobalSection(ProjectConfigurationPlatforms) = postSolution
		{B9D33727-8907-40AA-A1C8-0379143C2633}.Debug|Any CPU.ActiveCfg = Debug|Any CPU
		{B9D33727-8907-40AA-A1C8-0379143C2633}.Debug|Any CPU.Build.0 = Debug|Any CPU
		{B9D33727-8907-40AA-A1C8-0379143C2633}.Release|Any CPU.ActiveCfg = Release|Any CPU
		{B9D33727-8907-40AA-A1C8-0379143C2633}.Release|Any CPU.Build.0 = Release|Any CPU
		{A380FD52-7818-4F67-9254-40AB1289AD77}.Debug|Any CPU.ActiveCfg = Debug|Any CPU
		{A380FD52-7818-4F67-9254-40AB1289AD77}.Debug|Any CPU.Build.0 = Debug|Any CPU
		{A380FD52-7818-4F67-9254-40AB1289AD77}.Release|Any CPU.ActiveCfg = Release|Any CPU
		{A380FD52-7818-4F67-9254-40AB1289AD77}.Release|Any CPU.Build.0 = Release|Any CPU
		{0D9E4E87-B2F5-4339-B5A1-FBE07CFEE73D}.Debug|Any CPU.ActiveCfg = Debug|Any CPU
		{0D9E4E87-B2F5-4339-B5A1-FBE07CFEE73D}.Debug|Any CPU.Build.0 = Debug|Any CPU
		{0D9E4E87-B2F5-4339-B5A1-FBE07CFEE73D}.Release|Any CPU.ActiveCfg = Release|Any CPU
		{0D9E4E87-B2F5-4339-B5A1-FBE07CFEE73D}.Release|Any CPU.Build.0 = Release|Any CPU
	EndGlobalSection
	GlobalSection(SolutionProperties) = preSolution
		HideSolutionNode = FALSE
	EndGlobalSection
	GlobalSection(ExtensibilityGlobals) = postSolution
		SolutionGuid = {2F5F1B95-4A36-46C5-A129-ED9CC1339BD0}
	EndGlobalSection
EndGlobal
